
Microsoft Visual Studio Solution File, Format Version 12.00
# Visual Studio Version 16
VisualStudioVersion = 16.0.29424.173
MinimumVisualStudioVersion = 15.0.26124.0
Project("{2150E333-8FDC-42A3-9474-1A3956D46DE8}") = "src", "src", "{4BC34EBD-4BD6-4D87-917E-23B37410AB3A}"
EndProject
Project("{2150E333-8FDC-42A3-9474-1A3956D46DE8}") = "Client", "Client", "{14F4BB1F-936E-409D-8E0B-094920E7C3D7}"
EndProject
Project("{2150E333-8FDC-42A3-9474-1A3956D46DE8}") = "Components", "Components", "{5B7FD540-8AD6-435D-8D6D-1CFFFE97DFAF}"
EndProject
Project("{9A19103F-16F7-4668-BE54-9A1E7A4F7556}") = "PoECommerce.Client", "src\PoECommerce.Client\PoECommerce.Client.csproj", "{94FB5E41-2D00-4831-A553-066558EB7602}"
EndProject
Project("{9A19103F-16F7-4668-BE54-9A1E7A4F7556}") = "PoECommerce.Client.Components.Trade", "src\PoECommerce.Client.Components.Trade\PoECommerce.Client.Components.Trade.csproj", "{42F89DA9-2742-4B3D-8866-8A0466D1706B}"
EndProject
Project("{9A19103F-16F7-4668-BE54-9A1E7A4F7556}") = "PoECommerce.Client.Electron", "src\PoECommerce.Client.Electron\PoECommerce.Client.Electron.csproj", "{B45E5E6B-080E-4F31-8296-79A235341FD2}"
EndProject
Project("{9A19103F-16F7-4668-BE54-9A1E7A4F7556}") = "PoECommerce.Client.Shared", "src\PoECommerce.Client.Shared\PoECommerce.Client.Shared.csproj", "{5790D8B6-C428-49A0-9B6A-E00786A3F89E}"
EndProject
Project("{9A19103F-16F7-4668-BE54-9A1E7A4F7556}") = "PoECommerce.PathOfExile", "src\PoECommerce.TradeService\PoECommerce.PathOfExile.csproj", "{26132681-B42C-43D7-B8CB-0AA63DB721F2}"
EndProject
Project("{2150E333-8FDC-42A3-9474-1A3956D46DE8}") = "tests", "tests", "{3538DC26-D0FC-44FB-B833-CFE6B49864DD}"
EndProject
Project("{2150E333-8FDC-42A3-9474-1A3956D46DE8}") = "Client", "Client", "{B4C01F99-26BB-4671-B618-6E96FDAB6278}"
EndProject
Project("{9A19103F-16F7-4668-BE54-9A1E7A4F7556}") = "PoECommerce.Client.Electron.Tests", "tests\PoECommerce.Client.Electron.Tests\PoECommerce.Client.Electron.Tests.csproj", "{504556F2-9176-4D90-A5E2-418C759F8B70}"
EndProject
Project("{9A19103F-16F7-4668-BE54-9A1E7A4F7556}") = "PoECommerce.Client.WebBrowser", "src\PoECommerce.Client.WebBrowser\PoECommerce.Client.WebBrowser.csproj", "{D6285E9A-E204-495B-859D-6E5D6FF2A609}"
EndProject
Project("{9A19103F-16F7-4668-BE54-9A1E7A4F7556}") = "PoECommerce.Client.WebBrowser.Tests", "tests\PoECommerce.Client.WebBrowser.Tests\PoECommerce.Client.WebBrowser.Tests.csproj", "{6D0E78B7-5F53-46B4-9EA0-DEFF2E59875C}"
EndProject
Project("{9A19103F-16F7-4668-BE54-9A1E7A4F7556}") = "PoECommerce.Client.Components.Common", "src\PoECommerce.Client.Components.Common\PoECommerce.Client.Components.Common.csproj", "{7F969262-0949-4FDE-8909-825BA8AAEB6E}"
EndProject
Project("{9A19103F-16F7-4668-BE54-9A1E7A4F7556}") = "PoECommerce.PathOfExile.Tests", "tests\PoECommerce.TradeService.Tests\PoECommerce.PathOfExile.Tests.csproj", "{42719837-8CA8-4073-9909-2A0CB1B8C10D}"
EndProject
Project("{9A19103F-16F7-4668-BE54-9A1E7A4F7556}") = "PoECommerce.System.Text.Json", "src\PoECommerce.System.Text.Json\PoECommerce.System.Text.Json.csproj", "{534D2A58-5A2D-4F93-893E-70D7FB1C95D4}"
EndProject
Project("{9A19103F-16F7-4668-BE54-9A1E7A4F7556}") = "PoECommerce.System.Text.Json.Tests", "tests\PoECommerce.System.Text.Json.Tests\PoECommerce.System.Text.Json.Tests.csproj", "{69254BF7-FCF5-4F49-9E2B-5147A9A2DC16}"
EndProject
Project("{2150E333-8FDC-42A3-9474-1A3956D46DE8}") = "misc", "misc", "{9FFE4923-AF27-4351-AF64-A113CE127394}"
	ProjectSection(SolutionItems) = preProject
		.gitignore = .gitignore
		.gitlab-ci.yml = .gitlab-ci.yml
		CHANGELOG.md = CHANGELOG.md
		README.md = README.md
	EndProjectSection
EndProject
Project("{9A19103F-16F7-4668-BE54-9A1E7A4F7556}") = "PoECommerce.Client.Cache", "src\PoECommerce.Client.Cache\PoECommerce.Client.Cache.csproj", "{DC6250E4-8926-4646-BF96-B02D3AD7429B}"
EndProject
Project("{9A19103F-16F7-4668-BE54-9A1E7A4F7556}") = "PoECommerce.Core", "src\PoECommerce.Client.Model\PoECommerce.Core.csproj", "{D70FDBC2-43DA-4992-92E6-E685847A35AA}"
EndProject
Project("{9A19103F-16F7-4668-BE54-9A1E7A4F7556}") = "PoECommerce.TradeService.PathOfExile", "src\PoECommerce.TradeService.PathOfExile\PoECommerce.TradeService.PathOfExile.csproj", "{FEEF2F5D-E2FA-4607-9B3A-BF07AAF84245}"
EndProject
Project("{2150E333-8FDC-42A3-9474-1A3956D46DE8}") = "Utils", "Utils", "{DB356FAA-85FE-471D-A861-DF7B2568C1E7}"
EndProject
Global
	GlobalSection(SolutionConfigurationPlatforms) = preSolution
		Debug|Any CPU = Debug|Any CPU
		Debug|x64 = Debug|x64
		Debug|x86 = Debug|x86
		Release|Any CPU = Release|Any CPU
		Release|x64 = Release|x64
		Release|x86 = Release|x86
	EndGlobalSection
	GlobalSection(ProjectConfigurationPlatforms) = postSolution
		{94FB5E41-2D00-4831-A553-066558EB7602}.Debug|Any CPU.ActiveCfg = Debug|Any CPU
		{94FB5E41-2D00-4831-A553-066558EB7602}.Debug|Any CPU.Build.0 = Debug|Any CPU
		{94FB5E41-2D00-4831-A553-066558EB7602}.Debug|x64.ActiveCfg = Debug|Any CPU
		{94FB5E41-2D00-4831-A553-066558EB7602}.Debug|x64.Build.0 = Debug|Any CPU
		{94FB5E41-2D00-4831-A553-066558EB7602}.Debug|x86.ActiveCfg = Debug|Any CPU
		{94FB5E41-2D00-4831-A553-066558EB7602}.Debug|x86.Build.0 = Debug|Any CPU
		{94FB5E41-2D00-4831-A553-066558EB7602}.Release|Any CPU.ActiveCfg = Release|Any CPU
		{94FB5E41-2D00-4831-A553-066558EB7602}.Release|Any CPU.Build.0 = Release|Any CPU
		{94FB5E41-2D00-4831-A553-066558EB7602}.Release|x64.ActiveCfg = Release|Any CPU
		{94FB5E41-2D00-4831-A553-066558EB7602}.Release|x64.Build.0 = Release|Any CPU
		{94FB5E41-2D00-4831-A553-066558EB7602}.Release|x86.ActiveCfg = Release|Any CPU
		{94FB5E41-2D00-4831-A553-066558EB7602}.Release|x86.Build.0 = Release|Any CPU
		{42F89DA9-2742-4B3D-8866-8A0466D1706B}.Debug|Any CPU.ActiveCfg = Debug|Any CPU
		{42F89DA9-2742-4B3D-8866-8A0466D1706B}.Debug|Any CPU.Build.0 = Debug|Any CPU
		{42F89DA9-2742-4B3D-8866-8A0466D1706B}.Debug|x64.ActiveCfg = Debug|Any CPU
		{42F89DA9-2742-4B3D-8866-8A0466D1706B}.Debug|x64.Build.0 = Debug|Any CPU
		{42F89DA9-2742-4B3D-8866-8A0466D1706B}.Debug|x86.ActiveCfg = Debug|Any CPU
		{42F89DA9-2742-4B3D-8866-8A0466D1706B}.Debug|x86.Build.0 = Debug|Any CPU
		{42F89DA9-2742-4B3D-8866-8A0466D1706B}.Release|Any CPU.ActiveCfg = Release|Any CPU
		{42F89DA9-2742-4B3D-8866-8A0466D1706B}.Release|Any CPU.Build.0 = Release|Any CPU
		{42F89DA9-2742-4B3D-8866-8A0466D1706B}.Release|x64.ActiveCfg = Release|Any CPU
		{42F89DA9-2742-4B3D-8866-8A0466D1706B}.Release|x64.Build.0 = Release|Any CPU
		{42F89DA9-2742-4B3D-8866-8A0466D1706B}.Release|x86.ActiveCfg = Release|Any CPU
		{42F89DA9-2742-4B3D-8866-8A0466D1706B}.Release|x86.Build.0 = Release|Any CPU
		{B45E5E6B-080E-4F31-8296-79A235341FD2}.Debug|Any CPU.ActiveCfg = Debug|Any CPU
		{B45E5E6B-080E-4F31-8296-79A235341FD2}.Debug|Any CPU.Build.0 = Debug|Any CPU
		{B45E5E6B-080E-4F31-8296-79A235341FD2}.Debug|x64.ActiveCfg = Debug|Any CPU
		{B45E5E6B-080E-4F31-8296-79A235341FD2}.Debug|x64.Build.0 = Debug|Any CPU
		{B45E5E6B-080E-4F31-8296-79A235341FD2}.Debug|x86.ActiveCfg = Debug|Any CPU
		{B45E5E6B-080E-4F31-8296-79A235341FD2}.Debug|x86.Build.0 = Debug|Any CPU
		{B45E5E6B-080E-4F31-8296-79A235341FD2}.Release|Any CPU.ActiveCfg = Release|Any CPU
		{B45E5E6B-080E-4F31-8296-79A235341FD2}.Release|Any CPU.Build.0 = Release|Any CPU
		{B45E5E6B-080E-4F31-8296-79A235341FD2}.Release|x64.ActiveCfg = Release|Any CPU
		{B45E5E6B-080E-4F31-8296-79A235341FD2}.Release|x64.Build.0 = Release|Any CPU
		{B45E5E6B-080E-4F31-8296-79A235341FD2}.Release|x86.ActiveCfg = Release|Any CPU
		{B45E5E6B-080E-4F31-8296-79A235341FD2}.Release|x86.Build.0 = Release|Any CPU
		{5790D8B6-C428-49A0-9B6A-E00786A3F89E}.Debug|Any CPU.ActiveCfg = Debug|Any CPU
		{5790D8B6-C428-49A0-9B6A-E00786A3F89E}.Debug|Any CPU.Build.0 = Debug|Any CPU
		{5790D8B6-C428-49A0-9B6A-E00786A3F89E}.Debug|x64.ActiveCfg = Debug|Any CPU
		{5790D8B6-C428-49A0-9B6A-E00786A3F89E}.Debug|x64.Build.0 = Debug|Any CPU
		{5790D8B6-C428-49A0-9B6A-E00786A3F89E}.Debug|x86.ActiveCfg = Debug|Any CPU
		{5790D8B6-C428-49A0-9B6A-E00786A3F89E}.Debug|x86.Build.0 = Debug|Any CPU
		{5790D8B6-C428-49A0-9B6A-E00786A3F89E}.Release|Any CPU.ActiveCfg = Release|Any CPU
		{5790D8B6-C428-49A0-9B6A-E00786A3F89E}.Release|Any CPU.Build.0 = Release|Any CPU
		{5790D8B6-C428-49A0-9B6A-E00786A3F89E}.Release|x64.ActiveCfg = Release|Any CPU
		{5790D8B6-C428-49A0-9B6A-E00786A3F89E}.Release|x64.Build.0 = Release|Any CPU
		{5790D8B6-C428-49A0-9B6A-E00786A3F89E}.Release|x86.ActiveCfg = Release|Any CPU
		{5790D8B6-C428-49A0-9B6A-E00786A3F89E}.Release|x86.Build.0 = Release|Any CPU
		{26132681-B42C-43D7-B8CB-0AA63DB721F2}.Debug|Any CPU.ActiveCfg = Debug|Any CPU
		{26132681-B42C-43D7-B8CB-0AA63DB721F2}.Debug|Any CPU.Build.0 = Debug|Any CPU
		{26132681-B42C-43D7-B8CB-0AA63DB721F2}.Debug|x64.ActiveCfg = Debug|Any CPU
		{26132681-B42C-43D7-B8CB-0AA63DB721F2}.Debug|x64.Build.0 = Debug|Any CPU
		{26132681-B42C-43D7-B8CB-0AA63DB721F2}.Debug|x86.ActiveCfg = Debug|Any CPU
		{26132681-B42C-43D7-B8CB-0AA63DB721F2}.Debug|x86.Build.0 = Debug|Any CPU
		{26132681-B42C-43D7-B8CB-0AA63DB721F2}.Release|Any CPU.ActiveCfg = Release|Any CPU
		{26132681-B42C-43D7-B8CB-0AA63DB721F2}.Release|Any CPU.Build.0 = Release|Any CPU
		{26132681-B42C-43D7-B8CB-0AA63DB721F2}.Release|x64.ActiveCfg = Release|Any CPU
		{26132681-B42C-43D7-B8CB-0AA63DB721F2}.Release|x64.Build.0 = Release|Any CPU
		{26132681-B42C-43D7-B8CB-0AA63DB721F2}.Release|x86.ActiveCfg = Release|Any CPU
		{26132681-B42C-43D7-B8CB-0AA63DB721F2}.Release|x86.Build.0 = Release|Any CPU
		{504556F2-9176-4D90-A5E2-418C759F8B70}.Debug|Any CPU.ActiveCfg = Debug|Any CPU
		{504556F2-9176-4D90-A5E2-418C759F8B70}.Debug|Any CPU.Build.0 = Debug|Any CPU
		{504556F2-9176-4D90-A5E2-418C759F8B70}.Debug|x64.ActiveCfg = Debug|Any CPU
		{504556F2-9176-4D90-A5E2-418C759F8B70}.Debug|x64.Build.0 = Debug|Any CPU
		{504556F2-9176-4D90-A5E2-418C759F8B70}.Debug|x86.ActiveCfg = Debug|Any CPU
		{504556F2-9176-4D90-A5E2-418C759F8B70}.Debug|x86.Build.0 = Debug|Any CPU
		{504556F2-9176-4D90-A5E2-418C759F8B70}.Release|Any CPU.ActiveCfg = Release|Any CPU
		{504556F2-9176-4D90-A5E2-418C759F8B70}.Release|Any CPU.Build.0 = Release|Any CPU
		{504556F2-9176-4D90-A5E2-418C759F8B70}.Release|x64.ActiveCfg = Release|Any CPU
		{504556F2-9176-4D90-A5E2-418C759F8B70}.Release|x64.Build.0 = Release|Any CPU
		{504556F2-9176-4D90-A5E2-418C759F8B70}.Release|x86.ActiveCfg = Release|Any CPU
		{504556F2-9176-4D90-A5E2-418C759F8B70}.Release|x86.Build.0 = Release|Any CPU
		{D6285E9A-E204-495B-859D-6E5D6FF2A609}.Debug|Any CPU.ActiveCfg = Debug|Any CPU
		{D6285E9A-E204-495B-859D-6E5D6FF2A609}.Debug|Any CPU.Build.0 = Debug|Any CPU
		{D6285E9A-E204-495B-859D-6E5D6FF2A609}.Debug|x64.ActiveCfg = Debug|Any CPU
		{D6285E9A-E204-495B-859D-6E5D6FF2A609}.Debug|x64.Build.0 = Debug|Any CPU
		{D6285E9A-E204-495B-859D-6E5D6FF2A609}.Debug|x86.ActiveCfg = Debug|Any CPU
		{D6285E9A-E204-495B-859D-6E5D6FF2A609}.Debug|x86.Build.0 = Debug|Any CPU
		{D6285E9A-E204-495B-859D-6E5D6FF2A609}.Release|Any CPU.ActiveCfg = Release|Any CPU
		{D6285E9A-E204-495B-859D-6E5D6FF2A609}.Release|Any CPU.Build.0 = Release|Any CPU
		{D6285E9A-E204-495B-859D-6E5D6FF2A609}.Release|x64.ActiveCfg = Release|Any CPU
		{D6285E9A-E204-495B-859D-6E5D6FF2A609}.Release|x64.Build.0 = Release|Any CPU
		{D6285E9A-E204-495B-859D-6E5D6FF2A609}.Release|x86.ActiveCfg = Release|Any CPU
		{D6285E9A-E204-495B-859D-6E5D6FF2A609}.Release|x86.Build.0 = Release|Any CPU
		{6D0E78B7-5F53-46B4-9EA0-DEFF2E59875C}.Debug|Any CPU.ActiveCfg = Debug|Any CPU
		{6D0E78B7-5F53-46B4-9EA0-DEFF2E59875C}.Debug|Any CPU.Build.0 = Debug|Any CPU
		{6D0E78B7-5F53-46B4-9EA0-DEFF2E59875C}.Debug|x64.ActiveCfg = Debug|Any CPU
		{6D0E78B7-5F53-46B4-9EA0-DEFF2E59875C}.Debug|x64.Build.0 = Debug|Any CPU
		{6D0E78B7-5F53-46B4-9EA0-DEFF2E59875C}.Debug|x86.ActiveCfg = Debug|Any CPU
		{6D0E78B7-5F53-46B4-9EA0-DEFF2E59875C}.Debug|x86.Build.0 = Debug|Any CPU
		{6D0E78B7-5F53-46B4-9EA0-DEFF2E59875C}.Release|Any CPU.ActiveCfg = Release|Any CPU
		{6D0E78B7-5F53-46B4-9EA0-DEFF2E59875C}.Release|Any CPU.Build.0 = Release|Any CPU
		{6D0E78B7-5F53-46B4-9EA0-DEFF2E59875C}.Release|x64.ActiveCfg = Release|Any CPU
		{6D0E78B7-5F53-46B4-9EA0-DEFF2E59875C}.Release|x64.Build.0 = Release|Any CPU
		{6D0E78B7-5F53-46B4-9EA0-DEFF2E59875C}.Release|x86.ActiveCfg = Release|Any CPU
		{6D0E78B7-5F53-46B4-9EA0-DEFF2E59875C}.Release|x86.Build.0 = Release|Any CPU
		{7F969262-0949-4FDE-8909-825BA8AAEB6E}.Debug|Any CPU.ActiveCfg = Debug|Any CPU
		{7F969262-0949-4FDE-8909-825BA8AAEB6E}.Debug|Any CPU.Build.0 = Debug|Any CPU
		{7F969262-0949-4FDE-8909-825BA8AAEB6E}.Debug|x64.ActiveCfg = Debug|Any CPU
		{7F969262-0949-4FDE-8909-825BA8AAEB6E}.Debug|x64.Build.0 = Debug|Any CPU
		{7F969262-0949-4FDE-8909-825BA8AAEB6E}.Debug|x86.ActiveCfg = Debug|Any CPU
		{7F969262-0949-4FDE-8909-825BA8AAEB6E}.Debug|x86.Build.0 = Debug|Any CPU
		{7F969262-0949-4FDE-8909-825BA8AAEB6E}.Release|Any CPU.ActiveCfg = Release|Any CPU
		{7F969262-0949-4FDE-8909-825BA8AAEB6E}.Release|Any CPU.Build.0 = Release|Any CPU
		{7F969262-0949-4FDE-8909-825BA8AAEB6E}.Release|x64.ActiveCfg = Release|Any CPU
		{7F969262-0949-4FDE-8909-825BA8AAEB6E}.Release|x64.Build.0 = Release|Any CPU
		{7F969262-0949-4FDE-8909-825BA8AAEB6E}.Release|x86.ActiveCfg = Release|Any CPU
		{7F969262-0949-4FDE-8909-825BA8AAEB6E}.Release|x86.Build.0 = Release|Any CPU
		{42719837-8CA8-4073-9909-2A0CB1B8C10D}.Debug|Any CPU.ActiveCfg = Debug|Any CPU
		{42719837-8CA8-4073-9909-2A0CB1B8C10D}.Debug|Any CPU.Build.0 = Debug|Any CPU
		{42719837-8CA8-4073-9909-2A0CB1B8C10D}.Debug|x64.ActiveCfg = Debug|Any CPU
		{42719837-8CA8-4073-9909-2A0CB1B8C10D}.Debug|x64.Build.0 = Debug|Any CPU
		{42719837-8CA8-4073-9909-2A0CB1B8C10D}.Debug|x86.ActiveCfg = Debug|Any CPU
		{42719837-8CA8-4073-9909-2A0CB1B8C10D}.Debug|x86.Build.0 = Debug|Any CPU
		{42719837-8CA8-4073-9909-2A0CB1B8C10D}.Release|Any CPU.ActiveCfg = Release|Any CPU
		{42719837-8CA8-4073-9909-2A0CB1B8C10D}.Release|Any CPU.Build.0 = Release|Any CPU
		{42719837-8CA8-4073-9909-2A0CB1B8C10D}.Release|x64.ActiveCfg = Release|Any CPU
		{42719837-8CA8-4073-9909-2A0CB1B8C10D}.Release|x64.Build.0 = Release|Any CPU
		{42719837-8CA8-4073-9909-2A0CB1B8C10D}.Release|x86.ActiveCfg = Release|Any CPU
		{42719837-8CA8-4073-9909-2A0CB1B8C10D}.Release|x86.Build.0 = Release|Any CPU
		{534D2A58-5A2D-4F93-893E-70D7FB1C95D4}.Debug|Any CPU.ActiveCfg = Debug|Any CPU
		{534D2A58-5A2D-4F93-893E-70D7FB1C95D4}.Debug|Any CPU.Build.0 = Debug|Any CPU
		{534D2A58-5A2D-4F93-893E-70D7FB1C95D4}.Debug|x64.ActiveCfg = Debug|Any CPU
		{534D2A58-5A2D-4F93-893E-70D7FB1C95D4}.Debug|x64.Build.0 = Debug|Any CPU
		{534D2A58-5A2D-4F93-893E-70D7FB1C95D4}.Debug|x86.ActiveCfg = Debug|Any CPU
		{534D2A58-5A2D-4F93-893E-70D7FB1C95D4}.Debug|x86.Build.0 = Debug|Any CPU
		{534D2A58-5A2D-4F93-893E-70D7FB1C95D4}.Release|Any CPU.ActiveCfg = Release|Any CPU
		{534D2A58-5A2D-4F93-893E-70D7FB1C95D4}.Release|Any CPU.Build.0 = Release|Any CPU
		{534D2A58-5A2D-4F93-893E-70D7FB1C95D4}.Release|x64.ActiveCfg = Release|Any CPU
		{534D2A58-5A2D-4F93-893E-70D7FB1C95D4}.Release|x64.Build.0 = Release|Any CPU
		{534D2A58-5A2D-4F93-893E-70D7FB1C95D4}.Release|x86.ActiveCfg = Release|Any CPU
		{534D2A58-5A2D-4F93-893E-70D7FB1C95D4}.Release|x86.Build.0 = Release|Any CPU
		{69254BF7-FCF5-4F49-9E2B-5147A9A2DC16}.Debug|Any CPU.ActiveCfg = Debug|Any CPU
		{69254BF7-FCF5-4F49-9E2B-5147A9A2DC16}.Debug|Any CPU.Build.0 = Debug|Any CPU
		{69254BF7-FCF5-4F49-9E2B-5147A9A2DC16}.Debug|x64.ActiveCfg = Debug|Any CPU
		{69254BF7-FCF5-4F49-9E2B-5147A9A2DC16}.Debug|x64.Build.0 = Debug|Any CPU
		{69254BF7-FCF5-4F49-9E2B-5147A9A2DC16}.Debug|x86.ActiveCfg = Debug|Any CPU
		{69254BF7-FCF5-4F49-9E2B-5147A9A2DC16}.Debug|x86.Build.0 = Debug|Any CPU
		{69254BF7-FCF5-4F49-9E2B-5147A9A2DC16}.Release|Any CPU.ActiveCfg = Release|Any CPU
		{69254BF7-FCF5-4F49-9E2B-5147A9A2DC16}.Release|Any CPU.Build.0 = Release|Any CPU
		{69254BF7-FCF5-4F49-9E2B-5147A9A2DC16}.Release|x64.ActiveCfg = Release|Any CPU
		{69254BF7-FCF5-4F49-9E2B-5147A9A2DC16}.Release|x64.Build.0 = Release|Any CPU
		{69254BF7-FCF5-4F49-9E2B-5147A9A2DC16}.Release|x86.ActiveCfg = Release|Any CPU
		{69254BF7-FCF5-4F49-9E2B-5147A9A2DC16}.Release|x86.Build.0 = Release|Any CPU
		{DC6250E4-8926-4646-BF96-B02D3AD7429B}.Debug|Any CPU.ActiveCfg = Debug|Any CPU
		{DC6250E4-8926-4646-BF96-B02D3AD7429B}.Debug|Any CPU.Build.0 = Debug|Any CPU
		{DC6250E4-8926-4646-BF96-B02D3AD7429B}.Debug|x64.ActiveCfg = Debug|Any CPU
		{DC6250E4-8926-4646-BF96-B02D3AD7429B}.Debug|x64.Build.0 = Debug|Any CPU
		{DC6250E4-8926-4646-BF96-B02D3AD7429B}.Debug|x86.ActiveCfg = Debug|Any CPU
		{DC6250E4-8926-4646-BF96-B02D3AD7429B}.Debug|x86.Build.0 = Debug|Any CPU
		{DC6250E4-8926-4646-BF96-B02D3AD7429B}.Release|Any CPU.ActiveCfg = Release|Any CPU
		{DC6250E4-8926-4646-BF96-B02D3AD7429B}.Release|Any CPU.Build.0 = Release|Any CPU
		{DC6250E4-8926-4646-BF96-B02D3AD7429B}.Release|x64.ActiveCfg = Release|Any CPU
		{DC6250E4-8926-4646-BF96-B02D3AD7429B}.Release|x64.Build.0 = Release|Any CPU
		{DC6250E4-8926-4646-BF96-B02D3AD7429B}.Release|x86.ActiveCfg = Release|Any CPU
		{DC6250E4-8926-4646-BF96-B02D3AD7429B}.Release|x86.Build.0 = Release|Any CPU
		{D70FDBC2-43DA-4992-92E6-E685847A35AA}.Debug|Any CPU.ActiveCfg = Debug|Any CPU
		{D70FDBC2-43DA-4992-92E6-E685847A35AA}.Debug|Any CPU.Build.0 = Debug|Any CPU
		{D70FDBC2-43DA-4992-92E6-E685847A35AA}.Debug|x64.ActiveCfg = Debug|Any CPU
		{D70FDBC2-43DA-4992-92E6-E685847A35AA}.Debug|x64.Build.0 = Debug|Any CPU
		{D70FDBC2-43DA-4992-92E6-E685847A35AA}.Debug|x86.ActiveCfg = Debug|Any CPU
		{D70FDBC2-43DA-4992-92E6-E685847A35AA}.Debug|x86.Build.0 = Debug|Any CPU
		{D70FDBC2-43DA-4992-92E6-E685847A35AA}.Release|Any CPU.ActiveCfg = Release|Any CPU
		{D70FDBC2-43DA-4992-92E6-E685847A35AA}.Release|Any CPU.Build.0 = Release|Any CPU
		{D70FDBC2-43DA-4992-92E6-E685847A35AA}.Release|x64.ActiveCfg = Release|Any CPU
		{D70FDBC2-43DA-4992-92E6-E685847A35AA}.Release|x64.Build.0 = Release|Any CPU
		{D70FDBC2-43DA-4992-92E6-E685847A35AA}.Release|x86.ActiveCfg = Release|Any CPU
		{D70FDBC2-43DA-4992-92E6-E685847A35AA}.Release|x86.Build.0 = Release|Any CPU
		{FEEF2F5D-E2FA-4607-9B3A-BF07AAF84245}.Debug|Any CPU.ActiveCfg = Debug|Any CPU
		{FEEF2F5D-E2FA-4607-9B3A-BF07AAF84245}.Debug|Any CPU.Build.0 = Debug|Any CPU
		{FEEF2F5D-E2FA-4607-9B3A-BF07AAF84245}.Debug|x64.ActiveCfg = Debug|Any CPU
		{FEEF2F5D-E2FA-4607-9B3A-BF07AAF84245}.Debug|x64.Build.0 = Debug|Any CPU
		{FEEF2F5D-E2FA-4607-9B3A-BF07AAF84245}.Debug|x86.ActiveCfg = Debug|Any CPU
		{FEEF2F5D-E2FA-4607-9B3A-BF07AAF84245}.Debug|x86.Build.0 = Debug|Any CPU
		{FEEF2F5D-E2FA-4607-9B3A-BF07AAF84245}.Release|Any CPU.ActiveCfg = Release|Any CPU
		{FEEF2F5D-E2FA-4607-9B3A-BF07AAF84245}.Release|Any CPU.Build.0 = Release|Any CPU
		{FEEF2F5D-E2FA-4607-9B3A-BF07AAF84245}.Release|x64.ActiveCfg = Release|Any CPU
		{FEEF2F5D-E2FA-4607-9B3A-BF07AAF84245}.Release|x64.Build.0 = Release|Any CPU
		{FEEF2F5D-E2FA-4607-9B3A-BF07AAF84245}.Release|x86.ActiveCfg = Release|Any CPU
		{FEEF2F5D-E2FA-4607-9B3A-BF07AAF84245}.Release|x86.Build.0 = Release|Any CPU
	EndGlobalSection
	GlobalSection(SolutionProperties) = preSolution
		HideSolutionNode = FALSE
	EndGlobalSection
	GlobalSection(NestedProjects) = preSolution
		{14F4BB1F-936E-409D-8E0B-094920E7C3D7} = {3538DC26-D0FC-44FB-B833-CFE6B49864DD}
		{5B7FD540-8AD6-435D-8D6D-1CFFFE97DFAF} = {B4C01F99-26BB-4671-B618-6E96FDAB6278}
		{94FB5E41-2D00-4831-A553-066558EB7602} = {B4C01F99-26BB-4671-B618-6E96FDAB6278}
		{42F89DA9-2742-4B3D-8866-8A0466D1706B} = {5B7FD540-8AD6-435D-8D6D-1CFFFE97DFAF}
		{B45E5E6B-080E-4F31-8296-79A235341FD2} = {B4C01F99-26BB-4671-B618-6E96FDAB6278}
		{5790D8B6-C428-49A0-9B6A-E00786A3F89E} = {B4C01F99-26BB-4671-B618-6E96FDAB6278}
		{26132681-B42C-43D7-B8CB-0AA63DB721F2} = {4BC34EBD-4BD6-4D87-917E-23B37410AB3A}
		{B4C01F99-26BB-4671-B618-6E96FDAB6278} = {4BC34EBD-4BD6-4D87-917E-23B37410AB3A}
		{504556F2-9176-4D90-A5E2-418C759F8B70} = {14F4BB1F-936E-409D-8E0B-094920E7C3D7}
		{D6285E9A-E204-495B-859D-6E5D6FF2A609} = {B4C01F99-26BB-4671-B618-6E96FDAB6278}
		{6D0E78B7-5F53-46B4-9EA0-DEFF2E59875C} = {14F4BB1F-936E-409D-8E0B-094920E7C3D7}
		{7F969262-0949-4FDE-8909-825BA8AAEB6E} = {5B7FD540-8AD6-435D-8D6D-1CFFFE97DFAF}
		{42719837-8CA8-4073-9909-2A0CB1B8C10D} = {3538DC26-D0FC-44FB-B833-CFE6B49864DD}
		{534D2A58-5A2D-4F93-893E-70D7FB1C95D4} = {DB356FAA-85FE-471D-A861-DF7B2568C1E7}
		{69254BF7-FCF5-4F49-9E2B-5147A9A2DC16} = {3538DC26-D0FC-44FB-B833-CFE6B49864DD}
		{DC6250E4-8926-4646-BF96-B02D3AD7429B} = {B4C01F99-26BB-4671-B618-6E96FDAB6278}
		{D70FDBC2-43DA-4992-92E6-E685847A35AA} = {4BC34EBD-4BD6-4D87-917E-23B37410AB3A}
		{FEEF2F5D-E2FA-4607-9B3A-BF07AAF84245} = {4BC34EBD-4BD6-4D87-917E-23B37410AB3A}
		{DB356FAA-85FE-471D-A861-DF7B2568C1E7} = {4BC34EBD-4BD6-4D87-917E-23B37410AB3A}
	EndGlobalSection
	GlobalSection(ExtensibilityGlobals) = postSolution
		SolutionGuid = {DECAB490-F8DC-49BD-84C4-7EB8C2793BA3}
	EndGlobalSection
EndGlobal
